{
  "version": 4,
  "terraform_version": "1.0.11",
  "serial": 44,
  "lineage": "e2bb7e00-9380-1bb5-af18-440c8775db29",
  "outputs": {},
  "resources": [
    {
      "mode": "managed",
      "type": "google_compute_instance",
      "name": "compute_vm",
      "provider": "provider[\"registry.terraform.io/hashicorp/google\"]",
      "instances": [
        {
          "schema_version": 6,
          "attributes": {
            "advanced_machine_features": [],
            "allow_stopping_for_update": null,
            "attached_disk": [],
            "boot_disk": [
              {
                "auto_delete": true,
                "device_name": "persistent-disk-0",
                "disk_encryption_key_raw": "",
                "disk_encryption_key_sha256": "",
                "initialize_params": [
                  {
                    "image": "https://www.googleapis.com/compute/v1/projects/debian-cloud/global/images/debian-10-buster-v20211209",
                    "labels": {},
                    "size": 10,
                    "type": "pd-standard"
                  }
                ],
                "kms_key_self_link": "",
                "mode": "READ_WRITE",
                "source": "https://www.googleapis.com/compute/v1/projects/my-user-project-331814/zones/us-central1-c/disks/gce-challenge-vm"
              }
            ],
            "can_ip_forward": false,
            "confidential_instance_config": [],
            "cpu_platform": "Intel Broadwell",
            "current_status": "RUNNING",
            "deletion_protection": false,
            "description": "",
            "desired_status": null,
            "enable_display": false,
            "guest_accelerator": [],
            "hostname": "",
            "id": "projects/my-user-project-331814/zones/us-central1-c/instances/gce-challenge-vm",
            "instance_id": "3853829000620809772",
            "label_fingerprint": "42WmSpB8rSM=",
            "labels": null,
            "machine_type": "e2-micro",
            "metadata": {
              "lab-logs-bucket": "gs://kfinn-gce-challenge"
            },
            "metadata_fingerprint": "laBZa575cyY=",
            "metadata_startup_script": "#! /bin/bash\n\n#\n# Echo commands as they are run, to make debugging easier.\n# GCE startup script output shows up in \"/var/log/syslog\" .\n#\nset -x\n\n\n#\n# Stop apt-get calls from trying to bring up UI.\n#\nexport DEBIAN_FRONTEND=noninteractive\n\n\n#\n# Make sure installed packages are up to date with all security patches.\n#\napt-get -yq update\napt-get -yq upgrade\n\n\n#\n# Install Google's Stackdriver logging agent, as per\n# https://cloud.google.com/logging/docs/agent/installation\n#\ncurl -sSO https://dl.google.com/cloudagents/install-logging-agent.sh\nbash install-logging-agent.sh\n\n\n#\n# Install and run the \"stress\" tool to max the CPU load for a while.\n#\napt-get -yq install stress\nstress -c 8 -t 120\n\n\n#\n# Report that we're done.\n#\n\n# Metadata should be set in the \"lab-logs-bucket\" attribute using the \"gs://mybucketname/\" format.\nlog_bucket_metadata_name=lab-logs-bucket\nlog_bucket_metadata_url=\"http://metadata.google.internal/computeMetadata/v1/instance/attributes/${log_bucket_metadata_name}\"\nworker_log_bucket=$(curl -H \"Metadata-Flavor: Google\" \"${log_bucket_metadata_url}\")\n\n# We write a file named after this machine.\nworker_log_file=\"machine-$(hostname)-finished.txt\"\necho \"Phew!  Work completed at $(date)\" \u003e\"${worker_log_file}\"\n\n# And we copy that file to the bucket specified in the metadata.\necho \"Copying the log file to the bucket...\"\ngsutil cp \"${worker_log_file}\" \"${worker_log_bucket}\"",
            "min_cpu_platform": "",
            "name": "gce-challenge-vm",
            "network_interface": [
              {
                "access_config": [],
                "alias_ip_range": [],
                "ipv6_access_config": [],
                "ipv6_access_type": "",
                "name": "nic0",
                "network": "https://www.googleapis.com/compute/v1/projects/my-user-project-331814/global/networks/default",
                "network_ip": "10.128.0.7",
                "nic_type": "",
                "queue_count": 0,
                "stack_type": "IPV4_ONLY",
                "subnetwork": "https://www.googleapis.com/compute/v1/projects/my-user-project-331814/regions/us-central1/subnetworks/default",
                "subnetwork_project": "my-user-project-331814"
              }
            ],
            "project": "my-user-project-331814",
            "reservation_affinity": [],
            "resource_policies": null,
            "scheduling": [
              {
                "automatic_restart": true,
                "min_node_cpus": 0,
                "node_affinities": [],
                "on_host_maintenance": "MIGRATE",
                "preemptible": false
              }
            ],
            "scratch_disk": [],
            "self_link": "https://www.googleapis.com/compute/v1/projects/my-user-project-331814/zones/us-central1-c/instances/gce-challenge-vm",
            "service_account": [
              {
                "email": "gce-challenge-sa@my-user-project-331814.iam.gserviceaccount.com",
                "scopes": [
                  "https://www.googleapis.com/auth/devstorage.read_write"
                ]
              }
            ],
            "shielded_instance_config": [
              {
                "enable_integrity_monitoring": true,
                "enable_secure_boot": false,
                "enable_vtpm": true
              }
            ],
            "tags": [
              "created",
              "terraform"
            ],
            "tags_fingerprint": "MBCYZv6XaVY=",
            "timeouts": null,
            "zone": "us-central1-c"
          },
          "sensitive_attributes": [],
          "private": "eyJlMmJmYjczMC1lY2FhLTExZTYtOGY4OC0zNDM2M2JjN2M0YzAiOnsiY3JlYXRlIjoxMjAwMDAwMDAwMDAwLCJkZWxldGUiOjEyMDAwMDAwMDAwMDAsInVwZGF0ZSI6MTIwMDAwMDAwMDAwMH0sInNjaGVtYV92ZXJzaW9uIjoiNiJ9",
          "dependencies": [
            "google_service_account.service_account",
            "google_storage_bucket.bucket"
          ]
        }
      ]
    },
    {
      "mode": "managed",
      "type": "google_project_iam_member",
      "name": "service_account_permissions",
      "provider": "provider[\"registry.terraform.io/hashicorp/google\"]",
      "instances": [
        {
          "schema_version": 0,
          "attributes": {
            "condition": [],
            "etag": "BwXTDDD5olU=",
            "id": "my-user-project-331814/roles/storage.objectAdmin/serviceAccount:gce-challenge-sa@my-user-project-331814.iam.gserviceaccount.com",
            "member": "serviceAccount:gce-challenge-sa@my-user-project-331814.iam.gserviceaccount.com",
            "project": "my-user-project-331814",
            "role": "roles/storage.objectAdmin"
          },
          "sensitive_attributes": [],
          "private": "bnVsbA==",
          "dependencies": [
            "google_service_account.service_account"
          ]
        }
      ]
    },
    {
      "mode": "managed",
      "type": "google_service_account",
      "name": "service_account",
      "provider": "provider[\"registry.terraform.io/hashicorp/google\"]",
      "instances": [
        {
          "schema_version": 0,
          "attributes": {
            "account_id": "gce-challenge-sa",
            "description": "",
            "disabled": false,
            "display_name": "Service Account",
            "email": "gce-challenge-sa@my-user-project-331814.iam.gserviceaccount.com",
            "id": "projects/my-user-project-331814/serviceAccounts/gce-challenge-sa@my-user-project-331814.iam.gserviceaccount.com",
            "name": "projects/my-user-project-331814/serviceAccounts/gce-challenge-sa@my-user-project-331814.iam.gserviceaccount.com",
            "project": "my-user-project-331814",
            "timeouts": null,
            "unique_id": "108328573009529600086"
          },
          "sensitive_attributes": [],
          "private": "eyJlMmJmYjczMC1lY2FhLTExZTYtOGY4OC0zNDM2M2JjN2M0YzAiOnsiY3JlYXRlIjozMDAwMDAwMDAwMDB9fQ=="
        }
      ]
    },
    {
      "mode": "managed",
      "type": "google_storage_bucket",
      "name": "bucket",
      "provider": "provider[\"registry.terraform.io/hashicorp/google\"]",
      "instances": [
        {
          "schema_version": 0,
          "attributes": {
            "cors": [],
            "default_event_based_hold": false,
            "encryption": [],
            "force_destroy": false,
            "id": "kfinn-gce-challenge",
            "labels": null,
            "lifecycle_rule": [],
            "location": "US-CENTRAL1",
            "logging": [],
            "name": "kfinn-gce-challenge",
            "project": "my-user-project-331814",
            "requester_pays": false,
            "retention_policy": [],
            "self_link": "https://www.googleapis.com/storage/v1/b/kfinn-gce-challenge",
            "storage_class": "STANDARD",
            "uniform_bucket_level_access": false,
            "url": "gs://kfinn-gce-challenge",
            "versioning": [],
            "website": []
          },
          "sensitive_attributes": [],
          "private": "bnVsbA=="
        }
      ]
    }
  ]
}
